// !$*UTF8*$!
{
	archiveVersion = 1;
	classes = {
	};
	objectVersion = 46;
	objects = {

/* Begin PBXBuildFile section */
		538ED9AE1E534C2C0045B7B3 /* AppDelegate.swift in Sources */ = {isa = PBXBuildFile; fileRef = 538ED9AD1E534C2C0045B7B3 /* AppDelegate.swift */; };
		538ED9B01E534C2C0045B7B3 /* ViewController.swift in Sources */ = {isa = PBXBuildFile; fileRef = 538ED9AF1E534C2C0045B7B3 /* ViewController.swift */; };
		538ED9B31E534C2C0045B7B3 /* Main.storyboard in Resources */ = {isa = PBXBuildFile; fileRef = 538ED9B11E534C2C0045B7B3 /* Main.storyboard */; };
		538ED9B51E534C2C0045B7B3 /* Assets.xcassets in Resources */ = {isa = PBXBuildFile; fileRef = 538ED9B41E534C2C0045B7B3 /* Assets.xcassets */; };
		538ED9B81E534C2C0045B7B3 /* LaunchScreen.storyboard in Resources */ = {isa = PBXBuildFile; fileRef = 538ED9B61E534C2C0045B7B3 /* LaunchScreen.storyboard */; };
/* End PBXBuildFile section */

/* Begin PBXFileReference section */
		538ED9AA1E534C2C0045B7B3 /* Snappy.app */ = {isa = PBXFileReference; explicitFileType = wrapper.application; includeInIndex = 0; path = Snappy.app; sourceTree = BUILT_PRODUCTS_DIR; };
		538ED9AD1E534C2C0045B7B3 /* AppDelegate.swift */ = {isa = PBXFileReference; lastKnownFileType = sourcecode.swift; path = AppDelegate.swift; sourceTree = "<group>"; };
		538ED9AF1E534C2C0045B7B3 /* ViewController.swift */ = {isa = PBXFileReference; lastKnownFileType = sourcecode.swift; path = ViewController.swift; sourceTree = "<group>"; };
		538ED9B21E534C2C0045B7B3 /* Base */ = {isa = PBXFileReference; lastKnownFileType = file.storyboard; name = Base; path = Base.lproj/Main.storyboard; sourceTree = "<group>"; };
		538ED9B41E534C2C0045B7B3 /* Assets.xcassets */ = {isa = PBXFileReference; lastKnownFileType = folder.assetcatalog; path = Assets.xcassets; sourceTree = "<group>"; };
		538ED9B71E534C2C0045B7B3 /* Base */ = {isa = PBXFileReference; lastKnownFileType = file.storyboard; name = Base; path = Base.lproj/LaunchScreen.storyboard; sourceTree = "<group>"; };
		538ED9B91E534C2C0045B7B3 /* Info.plist */ = {isa = PBXFileReference; lastKnownFileType = text.plist.xml; path = Info.plist; sourceTree = "<group>"; };
/* End PBXFileReference section */

/* Begin PBXFrameworksBuildPhase section */
		538ED9A71E534C2C0045B7B3 /* Frameworks */ = {
			isa = PBXFrameworksBuildPhase;
			buildActionMask = 2147483647;
			files = (
			);
			runOnlyForDeploymentPostprocessing = 0;
		};
/* End PBXFrameworksBuildPhase section */

/* Begin PBXGroup section */
		538ED9A11E534C2C0045B7B3 = {
			isa = PBXGroup;
			children = (
				538ED9AC1E534C2C0045B7B3 /* Snappy */,
				538ED9AB1E534C2C0045B7B3 /* Products */,
			);
			sourceTree = "<group>";
		};
		538ED9AB1E534C2C0045B7B3 /* Products */ = {
			isa = PBXGroup;
			children = (
				538ED9AA1E534C2C0045B7B3 /* Snappy.app */,
			);
			name = Products;
			sourceTree = "<group>";
		};
		538ED9AC1E534C2C0045B7B3 /* Snappy */ = {
			isa = PBXGroup;
			children = (
				538ED9AD1E534C2C0045B7B3 /* AppDelegate.swift */,
				538ED9AF1E534C2C0045B7B3 /* ViewController.swift */,
				538ED9B11E534C2C0045B7B3 /* Main.storyboard */,
				538ED9B41E534C2C0045B7B3 /* Assets.xcassets */,
				538ED9B61E534C2C0045B7B3 /* LaunchScreen.storyboard */,
				538ED9B91E534C2C0045B7B3 /* Info.plist */,
			);
			path = Snappy;
			sourceTree = "<group>";
		};
/* End PBXGroup section */

/* Begin PBXNativeTarget section */
		538ED9A91E534C2C0045B7B3 /* Snappy */ = {
			isa = PBXNativeTarget;
			buildConfigurationList = 538ED9BC1E534C2C0045B7B3 /* Build configuration list for PBXNativeTarget "Snappy" */;
			buildPhases = (
				538ED9A61E534C2C0045B7B3 /* Sources */,
				538ED9A71E534C2C0045B7B3 /* Frameworks */,
				538ED9A81E534C2C0045B7B3 /* Resources */,
			);
			buildRules = (
			);
			dependencies = (
			);
			name = Snappy;
			productName = Snappy;
			productReference = 538ED9AA1E534C2C0045B7B3 /* Snappy.app */;
			productType = "com.apple.product-type.application";
		};
/* End PBXNativeTarget section */

/* Begin PBXProject section */
		538ED9A21E534C2C0045B7B3 /* Project object */ = {
			isa = PBXProject;
			attributes = {
				LastSwiftUpdateCheck = 0820;
				LastUpgradeCheck = 0820;
				ORGANIZATIONNAME = dhruvinity;
				TargetAttributes = {
					538ED9A91E534C2C0045B7B3 = {
						CreatedOnToolsVersion = 8.2.1;
						DevelopmentTeam = AR6C6A98FD;
						ProvisioningStyle = Automatic;
					};
				};
			};
			buildConfigurationList = 538ED9A51E534C2C0045B7B3 /* Build configuration list for PBXProject "Snappy" */;
			compatibilityVersion = "Xcode 3.2";
			developmentRegion = English;
			hasScannedForEncodings = 0;
			knownRegions = (
				en,
				Base,
			);
			mainGroup = 538ED9A11E534C2C0045B7B3;
			productRefGroup = 538ED9AB1E534C2C0045B7B3 /* Products */;
			projectDirPath = "";
			projectRoot = "";
			targets = (
				538ED9A91E534C2C0045B7B3 /* Snappy */,
			);
		};
/* End PBXProject section */

/* Begin PBXResourcesBuildPhase section */
		538ED9A81E534C2C0045B7B3 /* Resources */ = {
			isa = PBXResourcesBuildPhase;
			buildActionMask = 2147483647;
			files = (
				538ED9B81E534C2C0045B7B3 /* LaunchScreen.storyboard in Resources */,
				538ED9B51E534C2C0045B7B3 /* Assets.xcassets in Resources */,
				538ED9B31E534C2C0045B7B3 /* Main.storyboard in Resources */,
			);
			runOnlyForDeploymentPostprocessing = 0;
		};
/* End PBXResourcesBuildPhase section */

/* Begin PBXSourcesBuildPhase section */
		538ED9A61E534C2C0045B7B3 /* Sources */ = {
			isa = PBXSourcesBuildPhase;
			buildActionMask = 2147483647;
			files = (
				538ED9B01E534C2C0045B7B3 /* ViewController.swift in Sources */,
				538ED9AE1E534C2C0045B7B3 /* AppDelegate.swift in Sources */,
			);
			runOnlyForDeploymentPostprocessing = 0;
		};
/* End PBXSourcesBuildPhase section */

/* Begin PBXVariantGroup section */
		538ED9B11E534C2C0045B7B3 /* Main.storyboard */ = {
			isa = PBXVariantGroup;
			children = (
				538ED9B21E534C2C0045B7B3 /* Base */,
			);
			name = Main.storyboard;
			sourceTree = "<group>";
		};
		538ED9B61E534C2C0045B7B3 /* LaunchScreen.storyboard */ = {
			isa = PBXVariantGroup;
			children = (
				538ED9B71E534C2C0045B7B3 /* Base */,
			);
			name = LaunchScreen.storyboard;
			sourceTree = "<group>";
		};
/* End PBXVariantGroup section */

/* Begin XCBuildConfiguration section */
		538ED9BA1E534C2C0045B7B3 /* Debug */ = {
			isa = XCBuildConfiguration;
			buildSettings = {
				ALWAYS_SEARCH_USER_PATHS = NO;
				CLANG_ANALYZER_NONNULL = YES;
				CLANG_CXX_LANGUAGE_STANDARD = "gnu++0x";
				CLANG_CXX_LIBRARY = "libc++";
				CLANG_ENABLE_MODULES = YES;
				CLANG_ENABLE_OBJC_ARC = YES;
				CLANG_WARN_BOOL_CONVERSION = YES;
				CLANG_WARN_CONSTANT_CONVERSION = YES;
				CLANG_WARN_DIRECT_OBJC_ISA_USAGE = YES_ERROR;
				CLANG_WARN_DOCUMENTATION_COMMENTS = YES;
				CLANG_WARN_EMPTY_BODY = YES;
				CLANG_WARN_ENUM_CONVERSION = YES;
				CLANG_WARN_INFINITE_RECURSION = YES;
				CLANG_WARN_INT_CONVERSION = YES;
				CLANG_WARN_OBJC_ROOT_CLASS = YES_ERROR;
				CLANG_WARN_SUSPICIOUS_MOVE = YES;
				CLANG_WARN_UNREACHABLE_CODE = YES;
				CLANG_WARN__DUPLICATE_METHOD_MATCH = YES;
				"CODE_SIGN_IDENTITY[sdk=iphoneos*]" = "iPhone Developer";
				COPY_PHASE_STRIP = NO;
				DEBUG_INFORMATION_FORMAT = dwarf;
				ENABLE_STRICT_OBJC_MSGSEND = YES;
				ENABLE_TESTABILITY = YES;
				GCC_C_LANGUAGE_STANDARD = gnu99;
				GCC_DYNAMIC_NO_PIC = NO;
				GCC_NO_COMMON_BLOCKS = YES;
				GCC_OPTIMIZATION_LEVEL = 0;
				GCC_PREPROCESSOR_DEFINITIONS = (
					"DEBUG=1",
					"$(inherited)",
				);
				GCC_WARN_64_TO_32_BIT_CONVERSION = YES;
				GCC_WARN_ABOUT_RETURN_TYPE = YES_ERROR;
				GCC_WARN_UNDECLARED_SELECTOR = YES;
				GCC_WARN_UNINITIALIZED_AUTOS = YES_AGGRESSIVE;
				GCC_WARN_UNUSED_FUNCTION = YES;
				GCC_WARN_UNUSED_VARIABLE = YES;
				IPHONEOS_DEPLOYMENT_TARGET = 10.2;
				MTL_ENABLE_DEBUG_INFO = YES;
				ONLY_ACTIVE_ARCH = YES;
				SDKROOT = iphoneos;
				SWIFT_ACTIVE_COMPILATION_CONDITIONS = DEBUG;
				SWIFT_OPTIMIZATION_LEVEL = "-Onone";
				TARGETED_DEVICE_FAMILY = "1,2";
			};
			name = Debug;
		};
		538ED9BB1E534C2C0045B7B3 /* Release */ = {
			isa = XCBuildConfiguration;
			buildSettings = {
				ALWAYS_SEARCH_USER_PATHS = NO;
				CLANG_ANALYZER_NONNULL = YES;
				CLANG_CXX_LANGUAGE_STANDARD = "gnu++0x";
				CLANG_CXX_LIBRARY = "libc++";
				CLANG_ENABLE_MODULES = YES;
				CLANG_ENABLE_OBJC_ARC = YES;
				CLANG_WARN_BOOL_CONVERSION = YES;
				CLANG_WARN_CONSTANT_CONVERSION = YES;
				CLANG_WARN_DIRECT_OBJC_ISA_USAGE = YES_ERROR;
				CLANG_WARN_DOCUMENTATION_COMMENTS = YES;
				CLANG_WARN_EMPTY_BODY = YES;
				CLANG_WARN_ENUM_CONVERSION = YES;
				CLANG_WARN_INFINITE_RECURSION = YES;
				CLANG_WARN_INT_CONVERSION = YES;
				CLANG_WARN_OBJC_ROOT_CLASS = YES_ERROR;
				CLANG_WARN_SUSPICIOUS_MOVE = YES;
				CLANG_WARN_UNREACHABLE_CODE = YES;
				CLANG_WARN__DUPLICATE_METHOD_MATCH = YES;
				"CODE_SIGN_IDENTITY[sdk=iphoneos*]" = "iPhone Developer";
				COPY_PHASE_STRIP = NO;
				DEBUG_INFORMATION_FORMAT = "dwarf-with-dsym";
				ENABLE_NS_ASSERTIONS = NO;
				ENABLE_STRICT_OBJC_MSGSEND = YES;
				GCC_C_LANGUAGE_STANDARD = gnu99;
				GCC_NO_COMMON_BLOCKS = YES;
				GCC_WARN_64_TO_32_BIT_CONVERSION = YES;
				GCC_WARN_ABOUT_RETURN_TYPE = YES_ERROR;
				GCC_WARN_UNDECLARED_SELECTOR = YES;
				GCC_WARN_UNINITIALIZED_AUTOS = YES_AGGRESSIVE;
				GCC_WARN_UNUSED_FUNCTION = YES;
				GCC_WARN_UNUSED_VARIABLE = YES;
				IPHONEOS_DEPLOYMENT_TARGET = 10.2;
				MTL_ENABLE_DEBUG_INFO = NO;
				SDKROOT = iphoneos;
				SWIFT_OPTIMIZATION_LEVEL = "-Owholemodule";
				TARGETED_DEVICE_FAMILY = "1,2";
				VALIDATE_PRODUCT = YES;
			};
			name = Release;
		};
		538ED9BD1E534C2C0045B7B3 /* Debug */ = {
			isa = XCBuildConfiguration;
			buildSettings = {
				ASSETCATALOG_COMPILER_APPICON_NAME = AppIcon;
				DEVELOPMENT_TEAM = AR6C6A98FD;
				INFOPLIST_FILE = Snappy/Info.plist;
				LD_RUNPATH_SEARCH_PATHS = "$(inherited) @executable_path/Frameworks";
				PRODUCT_BUNDLE_IDENTIFIER = com.dhruvinity.Snappy;
				PRODUCT_NAME = "$(TARGET_NAME)";
				SWIFT_VERSION = 3.0;
			};
			name = Debug;
		};
		538ED9BE1E534C2C0045B7B3 /* Release */ = {
			isa = XCBuildConfiguration;
			buildSettings = {
				ASSETCATALOG_COMPILER_APPICON_NAME = AppIcon;
				DEVELOPMENT_TEAM = AR6C6A98FD;
				INFOPLIST_FILE = Snappy/Info.plist;
				LD_RUNPATH_SEARCH_PATHS = "$(inherited) @executable_path/Frameworks";
				PRODUCT_BUNDLE_IDENTIFIER = com.dhruvinity.Snappy;
				PRODUCT_NAME = "$(TARGET_NAME)";
				SWIFT_VERSION = 3.0;
			};
			name = Release;
		};
/* End XCBuildConfiguration section */

/* Begin XCConfigurationList section */
		538ED9A51E534C2C0045B7B3 /* Build configuration list for PBXProject "Snappy" */ = {
			isa = XCConfigurationList;
			buildConfigurations = (
				538ED9BA1E534C2C0045B7B3 /* Debug */,
				538ED9BB1E534C2C0045B7B3 /* Release */,
			);
			defaultConfigurationIsVisible = 0;
			defaultConfigurationName = Release;
		};
		538ED9BC1E534C2C0045B7B3 /* Build configuration list for PBXNativeTarget "Snappy" */ = {
			isa = XCConfigurationList;
			buildConfigurations = (
				538ED9BD1E534C2C0045B7B3 /* Debug */,
				538ED9BE1E534C2C0045B7B3 /* Release */,
			);
			defaultConfigurationIsVisible = 0;
		};
/* End XCConfigurationList section */
	};
	rootObject = 538ED9A21E534C2C0045B7B3 /* Project object */;
}
